
Microsoft Visual Studio Solution File, Format Version 12.00
# Visual Studio 15
VisualStudioVersion = 15.0.28010.2036
MinimumVisualStudioVersion = 10.0.40219.1
Project("{FAE04EC0-301F-11D3-BF4B-00C04F79EFBC}") = "UnitTests.App", "UnitTests.App\UnitTests.App.csproj", "{8389713C-F747-4BF0-8774-49D4ADD4CDED}"
EndProject
Project("{FAE04EC0-301F-11D3-BF4B-00C04F79EFBC}") = "UnitTests.AppTests", "UnitTests.AppTests\UnitTests.AppTests.csproj", "{9A9D08BF-CFC7-4874-B7AA-09118663DE6C}"
EndProject
Project("{FAE04EC0-301F-11D3-BF4B-00C04F79EFBC}") = "UnitTests.AppTestsNunit3", "UnitTests.AppTestsNunit3\UnitTests.AppTestsNunit3.csproj", "{F38120E8-E8B8-44F6-BD6D-1E50018322DD}"
EndProject
Project("{FAE04EC0-301F-11D3-BF4B-00C04F79EFBC}") = "UnitTests.AppTestsXunit2", "UnitTests.AppTestsXunit2\UnitTests.AppTestsXunit2.csproj", "{4EE71F95-684A-4040-85F8-08FFBF162287}"
EndProject
Global
	GlobalSection(SolutionConfigurationPlatforms) = preSolution
		Debug|Any CPU = Debug|Any CPU
		Release|Any CPU = Release|Any CPU
	EndGlobalSection
	GlobalSection(ProjectConfigurationPlatforms) = postSolution
		{8389713C-F747-4BF0-8774-49D4ADD4CDED}.Debug|Any CPU.ActiveCfg = Debug|Any CPU
		{8389713C-F747-4BF0-8774-49D4ADD4CDED}.Debug|Any CPU.Build.0 = Debug|Any CPU
		{8389713C-F747-4BF0-8774-49D4ADD4CDED}.Release|Any CPU.ActiveCfg = Release|Any CPU
		{8389713C-F747-4BF0-8774-49D4ADD4CDED}.Release|Any CPU.Build.0 = Release|Any CPU
		{9A9D08BF-CFC7-4874-B7AA-09118663DE6C}.Debug|Any CPU.ActiveCfg = Debug|Any CPU
		{9A9D08BF-CFC7-4874-B7AA-09118663DE6C}.Debug|Any CPU.Build.0 = Debug|Any CPU
		{9A9D08BF-CFC7-4874-B7AA-09118663DE6C}.Release|Any CPU.ActiveCfg = Release|Any CPU
		{9A9D08BF-CFC7-4874-B7AA-09118663DE6C}.Release|Any CPU.Build.0 = Release|Any CPU
		{F38120E8-E8B8-44F6-BD6D-1E50018322DD}.Debug|Any CPU.ActiveCfg = Debug|Any CPU
		{F38120E8-E8B8-44F6-BD6D-1E50018322DD}.Debug|Any CPU.Build.0 = Debug|Any CPU
		{F38120E8-E8B8-44F6-BD6D-1E50018322DD}.Release|Any CPU.ActiveCfg = Release|Any CPU
		{F38120E8-E8B8-44F6-BD6D-1E50018322DD}.Release|Any CPU.Build.0 = Release|Any CPU
		{4EE71F95-684A-4040-85F8-08FFBF162287}.Debug|Any CPU.ActiveCfg = Debug|Any CPU
		{4EE71F95-684A-4040-85F8-08FFBF162287}.Debug|Any CPU.Build.0 = Debug|Any CPU
		{4EE71F95-684A-4040-85F8-08FFBF162287}.Release|Any CPU.ActiveCfg = Release|Any CPU
		{4EE71F95-684A-4040-85F8-08FFBF162287}.Release|Any CPU.Build.0 = Release|Any CPU
	EndGlobalSection
	GlobalSection(SolutionProperties) = preSolution
		HideSolutionNode = FALSE
	EndGlobalSection
	GlobalSection(ExtensibilityGlobals) = postSolution
		SolutionGuid = {08E7CD68-CA2C-4E2E-9A80-42069B9A795A}
	EndGlobalSection
EndGlobal
